
Microsoft Visual Studio Solution File, Format Version 12.00
# Visual Studio Version 16
VisualStudioVersion = 16.0.29519.87
MinimumVisualStudioVersion = 10.0.40219.1
Project("{FAE04EC0-301F-11D3-BF4B-00C04F79EFBC}") = "TDChiffreEnLettres", "TDChiffreEnLettres\TDChiffreEnLettres.csproj", "{B1776E9C-090C-406A-A4E8-540EF68394FF}"
EndProject
Global
	GlobalSection(SolutionConfigurationPlatforms) = preSolution
		Debug|Any CPU = Debug|Any CPU
		Release|Any CPU = Release|Any CPU
	EndGlobalSection
	GlobalSection(ProjectConfigurationPlatforms) = postSolution
		{B1776E9C-090C-406A-A4E8-540EF68394FF}.Debug|Any CPU.ActiveCfg = Debug|Any CPU
		{B1776E9C-090C-406A-A4E8-540EF68394FF}.Debug|Any CPU.Build.0 = Debug|Any CPU
		{B1776E9C-090C-406A-A4E8-540EF68394FF}.Release|Any CPU.ActiveCfg = Release|Any CPU
		{B1776E9C-090C-406A-A4E8-540EF68394FF}.Release|Any CPU.Build.0 = Release|Any CPU
	EndGlobalSection
	GlobalSection(SolutionProperties) = preSolution
		HideSolutionNode = FALSE
	EndGlobalSection
	GlobalSection(ExtensibilityGlobals) = postSolution
		SolutionGuid = {23983F46-F9AE-4569-B83D-6F95DC88B67B}
	EndGlobalSection
EndGlobal
